# THIS IS AN AUTOGENERATED FILE. DO NOT EDIT THIS FILE DIRECTLY.
# yarn lockfile v1


csv-generate@^1.0.0:
  version "1.0.0"
  resolved "https://registry.yarnpkg.com/csv-generate/-/csv-generate-1.0.0.tgz#bd52886859d0c925f3e51f60f3abed262fa15caf"

csv-parse@^1.2.0:
  version "1.2.1"
  resolved "https://registry.yarnpkg.com/csv-parse/-/csv-parse-1.2.1.tgz#9199c23f2490d98c4d9ab2a0167b06927498c9df"

csv-stringify@^1.0.0:
  version "1.0.4"
  resolved "https://registry.yarnpkg.com/csv-stringify/-/csv-stringify-1.0.4.tgz#bc18bab9ad4cef3195fd257980b58b479c42d3e5"
  dependencies:
    lodash.get "^4.0.0"

csv@^1.1.1:
  version "1.1.1"
  resolved "https://registry.yarnpkg.com/csv/-/csv-1.1.1.tgz#d9952d59b1f964a7afbcdd804d6818a73199a477"
  dependencies:
    csv-generate "^1.0.0"
    csv-parse "^1.2.0"
    csv-stringify "^1.0.0"
    stream-transform "^0.1.0"

lodash.get@^4.0.0:
  version "4.4.2"
  resolved "https://registry.yarnpkg.com/lodash.get/-/lodash.get-4.4.2.tgz#2d177f652fa31e939b4438d5341499dfa3825e99"

stream-transform@^0.1.0:
  version "0.1.2"
  resolved "https://registry.yarnpkg.com/stream-transform/-/stream-transform-0.1.2.tgz#7d8e6b4e03ac4781778f8c79517501bfb0762a9f"
